
Microsoft Visual Studio Solution File, Format Version 12.00
# Visual Studio 15
VisualStudioVersion = 15.0.27004.2008
MinimumVisualStudioVersion = 10.0.40219.1
Project("{FAE04EC0-301F-11D3-BF4B-00C04F79EFBC}") = "Main", "Main\Main.csproj", "{80362A8F-9BDF-468E-B5E7-8915CC77BB98}"
EndProject
Project("{FAE04EC0-301F-11D3-BF4B-00C04F79EFBC}") = "RSA", "RSA\RSA.csproj", "{6F7F4196-AB22-4A13-9B69-F9CEDF07EB10}"
EndProject
Project("{FAE04EC0-301F-11D3-BF4B-00C04F79EFBC}") = "RSATests.UnitTests", "RSATests.UnitTests\RSATests.UnitTests.csproj", "{2303064E-B4A7-4F99-9CD2-EFC57A9D9DEA}"
EndProject
Global
	GlobalSection(SolutionConfigurationPlatforms) = preSolution
		Debug|Any CPU = Debug|Any CPU
		Release|Any CPU = Release|Any CPU
	EndGlobalSection
	GlobalSection(ProjectConfigurationPlatforms) = postSolution
		{80362A8F-9BDF-468E-B5E7-8915CC77BB98}.Debug|Any CPU.ActiveCfg = Debug|Any CPU
		{80362A8F-9BDF-468E-B5E7-8915CC77BB98}.Debug|Any CPU.Build.0 = Debug|Any CPU
		{80362A8F-9BDF-468E-B5E7-8915CC77BB98}.Release|Any CPU.ActiveCfg = Release|Any CPU
		{80362A8F-9BDF-468E-B5E7-8915CC77BB98}.Release|Any CPU.Build.0 = Release|Any CPU
		{6F7F4196-AB22-4A13-9B69-F9CEDF07EB10}.Debug|Any CPU.ActiveCfg = Debug|Any CPU
		{6F7F4196-AB22-4A13-9B69-F9CEDF07EB10}.Debug|Any CPU.Build.0 = Debug|Any CPU
		{6F7F4196-AB22-4A13-9B69-F9CEDF07EB10}.Release|Any CPU.ActiveCfg = Release|Any CPU
		{6F7F4196-AB22-4A13-9B69-F9CEDF07EB10}.Release|Any CPU.Build.0 = Release|Any CPU
		{2303064E-B4A7-4F99-9CD2-EFC57A9D9DEA}.Debug|Any CPU.ActiveCfg = Debug|Any CPU
		{2303064E-B4A7-4F99-9CD2-EFC57A9D9DEA}.Debug|Any CPU.Build.0 = Debug|Any CPU
		{2303064E-B4A7-4F99-9CD2-EFC57A9D9DEA}.Release|Any CPU.ActiveCfg = Release|Any CPU
		{2303064E-B4A7-4F99-9CD2-EFC57A9D9DEA}.Release|Any CPU.Build.0 = Release|Any CPU
	EndGlobalSection
	GlobalSection(SolutionProperties) = preSolution
		HideSolutionNode = FALSE
	EndGlobalSection
	GlobalSection(ExtensibilityGlobals) = postSolution
		SolutionGuid = {D553BF58-6FE1-435E-A1FA-228FA325D714}
	EndGlobalSection
EndGlobal
